
Microsoft Visual Studio Solution File, Format Version 12.00
# Visual Studio 15
VisualStudioVersion = 15.0.27428.1
MinimumVisualStudioVersion = 10.0.40219.1
Project("{FAE04EC0-301F-11D3-BF4B-00C04F79EFBC}") = "EmployeeApp", "EmployeeApp\EmployeeApp.csproj", "{7D62BB26-52EE-4357-8DD9-2FA2D1F380CF}"
EndProject
Global
	GlobalSection(SolutionConfigurationPlatforms) = preSolution
		Debug|Any CPU = Debug|Any CPU
		Release|Any CPU = Release|Any CPU
	EndGlobalSection
	GlobalSection(ProjectConfigurationPlatforms) = postSolution
		{7D62BB26-52EE-4357-8DD9-2FA2D1F380CF}.Debug|Any CPU.ActiveCfg = Debug|Any CPU
		{7D62BB26-52EE-4357-8DD9-2FA2D1F380CF}.Debug|Any CPU.Build.0 = Debug|Any CPU
		{7D62BB26-52EE-4357-8DD9-2FA2D1F380CF}.Release|Any CPU.ActiveCfg = Release|Any CPU
		{7D62BB26-52EE-4357-8DD9-2FA2D1F380CF}.Release|Any CPU.Build.0 = Release|Any CPU
	EndGlobalSection
	GlobalSection(SolutionProperties) = preSolution
		HideSolutionNode = FALSE
	EndGlobalSection
	GlobalSection(ExtensibilityGlobals) = postSolution
		SolutionGuid = {F1798E53-1E0D-440A-97C0-ABA5FAEE261F}
	EndGlobalSection
EndGlobal
